<?xml version="1.0" encoding="utf-8"?>
<Project ToolsVersion="4.0" xmlns="http://schemas.microsoft.com/developer/msbuild/2003">
  <ItemGroup>
    <Filter Include="源文件">
      <UniqueIdentifier>{4FC737F1-C7A5-4376-A066-2A32D752A2FF}</UniqueIdentifier>
      <Extensions>cpp;c;cc;cxx;c++;cppm;ixx;def;odl;idl;hpj;bat;asm;asmx</Extensions>
    </Filter>
    <Filter Include="头文件">
      <UniqueIdentifier>{93995380-89BD-4b04-88EB-625FBE52EBFB}</UniqueIdentifier>
      <Extensions>h;hh;hpp;hxx;h++;hm;inl;inc;ipp;xsd</Extensions>
    </Filter>
    <Filter Include="资源文件">
      <UniqueIdentifier>{67DA6AB6-F800-4c08-8B7A-83BB121AAD01}</UniqueIdentifier>
      <Extensions>rc;ico;cur;bmp;dlg;rc2;rct;bin;rgs;gif;jpg;jpeg;jpe;resx;tiff;tif;png;wav;mfcribbon-ms</Extensions>
    </Filter>
  </ItemGroup>
  <ItemGroup>
    <ClCompile Include="main.cpp">
      <Filter>源文件</Filter>
    </ClCompile>
    <ClCompile Include="DeviceMp4.cpp">
      <Filter>源文件</Filter>
    </ClCompile>
    <ClCompile Include="DeviceRtsp.cpp">
      <Filter>源文件</Filter>
    </ClCompile>
    <ClCompile Include="TrackVideo.cpp">
      <Filter>源文件</Filter>
    </ClCompile>
    <ClCompile Include="TrackAudio.cpp">
      <Filter>源文件</Filter>
    </ClCompile>
    <ClCompile Include="DeviceHK.cpp">
      <Filter>源文件</Filter>
    </ClCompile>
    <ClCompile Include="DecodeVideo.cpp">
      <Filter>源文件</Filter>
    </ClCompile>
    <ClCompile Include="DecodeAudio.cpp">
      <Filter>源文件</Filter>
    </ClCompile>
    <ClCompile Include="Core.cpp">
      <Filter>源文件</Filter>
    </ClCompile>
    <ClCompile Include="FrameSws.cpp">
      <Filter>源文件</Filter>
    </ClCompile>
    <ClCompile Include="FrameSwr.cpp">
      <Filter>源文件</Filter>
    </ClCompile>
    <ClCompile Include="EncodeVideo.cpp">
      <Filter>源文件</Filter>
    </ClCompile>
    <ClCompile Include="EncodeAudio.cpp">
      <Filter>源文件</Filter>
    </ClCompile>
    <ClCompile Include="FrameFilter.cpp">
      <Filter>源文件</Filter>
    </ClCompile>
  </ItemGroup>
  <ItemGroup>
    <ClInclude Include="DeviceMp4.h">
      <Filter>头文件</Filter>
    </ClInclude>
    <ClInclude Include="Device.h">
      <Filter>头文件</Filter>
    </ClInclude>
    <ClInclude Include="DeviceRtsp.h">
      <Filter>头文件</Filter>
    </ClInclude>
    <ClInclude Include="TrackVideo.h">
      <Filter>头文件</Filter>
    </ClInclude>
    <ClInclude Include="TrackAudio.h">
      <Filter>头文件</Filter>
    </ClInclude>
    <ClInclude Include="DeviceHK.h">
      <Filter>头文件</Filter>
    </ClInclude>
    <ClInclude Include="DecodeVideo.h">
      <Filter>头文件</Filter>
    </ClInclude>
    <ClInclude Include="DecodeAudio.h">
      <Filter>头文件</Filter>
    </ClInclude>
    <ClInclude Include="util.h">
      <Filter>头文件</Filter>
    </ClInclude>
    <ClInclude Include="Core.h">
      <Filter>头文件</Filter>
    </ClInclude>
    <ClInclude Include="FrameSws.h">
      <Filter>头文件</Filter>
    </ClInclude>
    <ClInclude Include="FrameSwr.h">
      <Filter>头文件</Filter>
    </ClInclude>
    <ClInclude Include="EncodeVideo.h">
      <Filter>头文件</Filter>
    </ClInclude>
    <ClInclude Include="EncodeAudio.h">
      <Filter>头文件</Filter>
    </ClInclude>
    <ClInclude Include="FrameFilter.h">
      <Filter>头文件</Filter>
    </ClInclude>
  </ItemGroup>
</Project>